
Microsoft Visual Studio Solution File, Format Version 12.00
# Visual Studio Version 17
VisualStudioVersion = 17.0.31903.59
MinimumVisualStudioVersion = 10.0.40219.1
Project("{FAE04EC0-301F-11D3-BF4B-00C04F79EFBC}") = "PoSnakeGame.Core", "PoSnakeGame.Core\PoSnakeGame.Core.csproj", "{A2AB4266-96A0-41BA-86A5-9A8574A890DC}"
EndProject
Project("{FAE04EC0-301F-11D3-BF4B-00C04F79EFBC}") = "PoSnakeGame.Infrastructure", "PoSnakeGame.Infrastructure\PoSnakeGame.Infrastructure.csproj", "{84724CC9-D2DE-4BD7-AC5A-73EE6100F1D7}"
EndProject
Project("{FAE04EC0-301F-11D3-BF4B-00C04F79EFBC}") = "PoSnakeGame.Tests", "PoSnakeGame.Tests\PoSnakeGame.Tests.csproj", "{C3571806-1D5F-4584-9B58-032B27D93B05}"
EndProject
Project("{FAE04EC0-301F-11D3-BF4B-00C04F79EFBC}") = "PoSnakeGame.Wa", "PoSnakeGame.Wa\PoSnakeGame.Wa.csproj", "{4C81B671-4992-4107-B42C-E04E73F55196}"
EndProject
Project("{FAE04EC0-301F-11D3-BF4B-00C04F79EFBC}") = "PoSnakeGame.Functions", "PoSnakeGame.Functions\PoSnakeGame.Functions.csproj", "{89EED9B5-D8B1-4469-8EA4-57A838EE4243}"
EndProject
Project("{FAE04EC0-301F-11D3-BF4B-00C04F79EFBC}") = "PoSnakeGame.Api", "PoSnakeGame.Api\PoSnakeGame.Api.csproj", "{78A556A6-9FEE-4B8C-B16F-2946D1CA8B59}"
EndProject
Global
	GlobalSection(SolutionConfigurationPlatforms) = preSolution
		Debug|Any CPU = Debug|Any CPU
		Debug|x64 = Debug|x64
		Debug|x86 = Debug|x86
		Release|Any CPU = Release|Any CPU
		Release|x64 = Release|x64
		Release|x86 = Release|x86
	EndGlobalSection
	GlobalSection(ProjectConfigurationPlatforms) = postSolution
		{A2AB4266-96A0-41BA-86A5-9A8574A890DC}.Debug|Any CPU.ActiveCfg = Debug|Any CPU
		{A2AB4266-96A0-41BA-86A5-9A8574A890DC}.Debug|Any CPU.Build.0 = Debug|Any CPU
		{A2AB4266-96A0-41BA-86A5-9A8574A890DC}.Debug|x64.ActiveCfg = Debug|Any CPU
		{A2AB4266-96A0-41BA-86A5-9A8574A890DC}.Debug|x64.Build.0 = Debug|Any CPU
		{A2AB4266-96A0-41BA-86A5-9A8574A890DC}.Debug|x86.ActiveCfg = Debug|Any CPU
		{A2AB4266-96A0-41BA-86A5-9A8574A890DC}.Debug|x86.Build.0 = Debug|Any CPU
		{A2AB4266-96A0-41BA-86A5-9A8574A890DC}.Release|Any CPU.ActiveCfg = Release|Any CPU
		{A2AB4266-96A0-41BA-86A5-9A8574A890DC}.Release|Any CPU.Build.0 = Release|Any CPU
		{A2AB4266-96A0-41BA-86A5-9A8574A890DC}.Release|x64.ActiveCfg = Release|Any CPU
		{A2AB4266-96A0-41BA-86A5-9A8574A890DC}.Release|x64.Build.0 = Release|Any CPU
		{A2AB4266-96A0-41BA-86A5-9A8574A890DC}.Release|x86.ActiveCfg = Release|Any CPU
		{A2AB4266-96A0-41BA-86A5-9A8574A890DC}.Release|x86.Build.0 = Release|Any CPU
		{84724CC9-D2DE-4BD7-AC5A-73EE6100F1D7}.Debug|Any CPU.ActiveCfg = Debug|Any CPU
		{84724CC9-D2DE-4BD7-AC5A-73EE6100F1D7}.Debug|Any CPU.Build.0 = Debug|Any CPU
		{84724CC9-D2DE-4BD7-AC5A-73EE6100F1D7}.Debug|x64.ActiveCfg = Debug|Any CPU
		{84724CC9-D2DE-4BD7-AC5A-73EE6100F1D7}.Debug|x64.Build.0 = Debug|Any CPU
		{84724CC9-D2DE-4BD7-AC5A-73EE6100F1D7}.Debug|x86.ActiveCfg = Debug|Any CPU
		{84724CC9-D2DE-4BD7-AC5A-73EE6100F1D7}.Debug|x86.Build.0 = Debug|Any CPU
		{84724CC9-D2DE-4BD7-AC5A-73EE6100F1D7}.Release|Any CPU.ActiveCfg = Release|Any CPU
		{84724CC9-D2DE-4BD7-AC5A-73EE6100F1D7}.Release|Any CPU.Build.0 = Release|Any CPU
		{84724CC9-D2DE-4BD7-AC5A-73EE6100F1D7}.Release|x64.ActiveCfg = Release|Any CPU
		{84724CC9-D2DE-4BD7-AC5A-73EE6100F1D7}.Release|x64.Build.0 = Release|Any CPU
		{84724CC9-D2DE-4BD7-AC5A-73EE6100F1D7}.Release|x86.ActiveCfg = Release|Any CPU
		{84724CC9-D2DE-4BD7-AC5A-73EE6100F1D7}.Release|x86.Build.0 = Release|Any CPU
		{C3571806-1D5F-4584-9B58-032B27D93B05}.Debug|Any CPU.ActiveCfg = Debug|Any CPU
		{C3571806-1D5F-4584-9B58-032B27D93B05}.Debug|Any CPU.Build.0 = Debug|Any CPU
		{C3571806-1D5F-4584-9B58-032B27D93B05}.Debug|x64.ActiveCfg = Debug|Any CPU
		{C3571806-1D5F-4584-9B58-032B27D93B05}.Debug|x64.Build.0 = Debug|Any CPU
		{C3571806-1D5F-4584-9B58-032B27D93B05}.Debug|x86.ActiveCfg = Debug|Any CPU
		{C3571806-1D5F-4584-9B58-032B27D93B05}.Debug|x86.Build.0 = Debug|Any CPU
		{C3571806-1D5F-4584-9B58-032B27D93B05}.Release|Any CPU.ActiveCfg = Release|Any CPU
		{C3571806-1D5F-4584-9B58-032B27D93B05}.Release|Any CPU.Build.0 = Release|Any CPU
		{C3571806-1D5F-4584-9B58-032B27D93B05}.Release|x64.ActiveCfg = Release|Any CPU
		{C3571806-1D5F-4584-9B58-032B27D93B05}.Release|x64.Build.0 = Release|Any CPU
		{C3571806-1D5F-4584-9B58-032B27D93B05}.Release|x86.ActiveCfg = Release|Any CPU
		{C3571806-1D5F-4584-9B58-032B27D93B05}.Release|x86.Build.0 = Release|Any CPU
		{4C81B671-4992-4107-B42C-E04E73F55196}.Debug|Any CPU.ActiveCfg = Debug|Any CPU
		{4C81B671-4992-4107-B42C-E04E73F55196}.Debug|Any CPU.Build.0 = Debug|Any CPU
		{4C81B671-4992-4107-B42C-E04E73F55196}.Debug|x64.ActiveCfg = Debug|Any CPU
		{4C81B671-4992-4107-B42C-E04E73F55196}.Debug|x64.Build.0 = Debug|Any CPU
		{4C81B671-4992-4107-B42C-E04E73F55196}.Debug|x86.ActiveCfg = Debug|Any CPU
		{4C81B671-4992-4107-B42C-E04E73F55196}.Debug|x86.Build.0 = Debug|Any CPU
		{4C81B671-4992-4107-B42C-E04E73F55196}.Release|Any CPU.ActiveCfg = Release|Any CPU
		{4C81B671-4992-4107-B42C-E04E73F55196}.Release|Any CPU.Build.0 = Release|Any CPU
		{4C81B671-4992-4107-B42C-E04E73F55196}.Release|x64.ActiveCfg = Release|Any CPU
		{4C81B671-4992-4107-B42C-E04E73F55196}.Release|x64.Build.0 = Release|Any CPU
		{4C81B671-4992-4107-B42C-E04E73F55196}.Release|x86.ActiveCfg = Release|Any CPU
		{4C81B671-4992-4107-B42C-E04E73F55196}.Release|x86.Build.0 = Release|Any CPU
		{89EED9B5-D8B1-4469-8EA4-57A838EE4243}.Debug|Any CPU.ActiveCfg = Debug|Any CPU
		{89EED9B5-D8B1-4469-8EA4-57A838EE4243}.Debug|Any CPU.Build.0 = Debug|Any CPU
		{89EED9B5-D8B1-4469-8EA4-57A838EE4243}.Debug|x64.ActiveCfg = Debug|Any CPU
		{89EED9B5-D8B1-4469-8EA4-57A838EE4243}.Debug|x64.Build.0 = Debug|Any CPU
		{89EED9B5-D8B1-4469-8EA4-57A838EE4243}.Debug|x86.ActiveCfg = Debug|Any CPU
		{89EED9B5-D8B1-4469-8EA4-57A838EE4243}.Debug|x86.Build.0 = Debug|Any CPU
		{89EED9B5-D8B1-4469-8EA4-57A838EE4243}.Release|Any CPU.ActiveCfg = Release|Any CPU
		{89EED9B5-D8B1-4469-8EA4-57A838EE4243}.Release|Any CPU.Build.0 = Release|Any CPU
		{89EED9B5-D8B1-4469-8EA4-57A838EE4243}.Release|x64.ActiveCfg = Release|Any CPU
		{89EED9B5-D8B1-4469-8EA4-57A838EE4243}.Release|x64.Build.0 = Release|Any CPU
		{89EED9B5-D8B1-4469-8EA4-57A838EE4243}.Release|x86.ActiveCfg = Release|Any CPU
		{89EED9B5-D8B1-4469-8EA4-57A838EE4243}.Release|x86.Build.0 = Release|Any CPU
		{78A556A6-9FEE-4B8C-B16F-2946D1CA8B59}.Debug|Any CPU.ActiveCfg = Debug|Any CPU
		{78A556A6-9FEE-4B8C-B16F-2946D1CA8B59}.Debug|Any CPU.Build.0 = Debug|Any CPU
		{78A556A6-9FEE-4B8C-B16F-2946D1CA8B59}.Debug|x64.ActiveCfg = Debug|Any CPU
		{78A556A6-9FEE-4B8C-B16F-2946D1CA8B59}.Debug|x64.Build.0 = Debug|Any CPU
		{78A556A6-9FEE-4B8C-B16F-2946D1CA8B59}.Debug|x86.ActiveCfg = Debug|Any CPU
		{78A556A6-9FEE-4B8C-B16F-2946D1CA8B59}.Debug|x86.Build.0 = Debug|Any CPU
		{78A556A6-9FEE-4B8C-B16F-2946D1CA8B59}.Release|Any CPU.ActiveCfg = Release|Any CPU
		{78A556A6-9FEE-4B8C-B16F-2946D1CA8B59}.Release|Any CPU.Build.0 = Release|Any CPU
		{78A556A6-9FEE-4B8C-B16F-2946D1CA8B59}.Release|x64.ActiveCfg = Release|Any CPU
		{78A556A6-9FEE-4B8C-B16F-2946D1CA8B59}.Release|x64.Build.0 = Release|Any CPU
		{78A556A6-9FEE-4B8C-B16F-2946D1CA8B59}.Release|x86.ActiveCfg = Release|Any CPU
		{78A556A6-9FEE-4B8C-B16F-2946D1CA8B59}.Release|x86.Build.0 = Release|Any CPU
	EndGlobalSection
	GlobalSection(SolutionProperties) = preSolution
		HideSolutionNode = FALSE
	EndGlobalSection
	GlobalSection(ExtensibilityGlobals) = postSolution
		SolutionGuid = {80B23759-1572-4F53-BE34-E84CCCBA673D}
	EndGlobalSection
EndGlobal
